
Microsoft Visual Studio Solution File, Format Version 12.00
# Visual Studio 15
VisualStudioVersion = 15.0.28010.2041
MinimumVisualStudioVersion = 10.0.40219.1
Project("{FAE04EC0-301F-11D3-BF4B-00C04F79EFBC}") = "WebApplication2", "WebApplication2\WebApplication2.csproj", "{AB199868-E3A7-4E00-95D9-2CF2CFF1D85F}"
EndProject
Global
	GlobalSection(SolutionConfigurationPlatforms) = preSolution
		Debug|Any CPU = Debug|Any CPU
		Release|Any CPU = Release|Any CPU
	EndGlobalSection
	GlobalSection(ProjectConfigurationPlatforms) = postSolution
		{AB199868-E3A7-4E00-95D9-2CF2CFF1D85F}.Debug|Any CPU.ActiveCfg = Debug|Any CPU
		{AB199868-E3A7-4E00-95D9-2CF2CFF1D85F}.Debug|Any CPU.Build.0 = Debug|Any CPU
		{AB199868-E3A7-4E00-95D9-2CF2CFF1D85F}.Release|Any CPU.ActiveCfg = Release|Any CPU
		{AB199868-E3A7-4E00-95D9-2CF2CFF1D85F}.Release|Any CPU.Build.0 = Release|Any CPU
	EndGlobalSection
	GlobalSection(SolutionProperties) = preSolution
		HideSolutionNode = FALSE
	EndGlobalSection
	GlobalSection(ExtensibilityGlobals) = postSolution
		SolutionGuid = {3A79AE61-1828-45C0-898D-3837AD880862}
	EndGlobalSection
EndGlobal
